
Microsoft Visual Studio Solution File, Format Version 12.00
# Visual Studio Version 17
VisualStudioVersion = 17.8.34330.188
MinimumVisualStudioVersion = 10.0.40219.1
Project("{FAE04EC0-301F-11D3-BF4B-00C04F79EFBC}") = "ApiDevBP", "ApiDevBP.csproj", "{67DAD4B7-19BA-4E35-8BCC-D34C6C4C0038}"
EndProject
Global
	GlobalSection(SolutionConfigurationPlatforms) = preSolution
		Debug|Any CPU = Debug|Any CPU
		Release|Any CPU = Release|Any CPU
	EndGlobalSection
	GlobalSection(ProjectConfigurationPlatforms) = postSolution
		{67DAD4B7-19BA-4E35-8BCC-D34C6C4C0038}.Debug|Any CPU.ActiveCfg = Debug|Any CPU
		{67DAD4B7-19BA-4E35-8BCC-D34C6C4C0038}.Debug|Any CPU.Build.0 = Debug|Any CPU
		{67DAD4B7-19BA-4E35-8BCC-D34C6C4C0038}.Release|Any CPU.ActiveCfg = Release|Any CPU
		{67DAD4B7-19BA-4E35-8BCC-D34C6C4C0038}.Release|Any CPU.Build.0 = Release|Any CPU
	EndGlobalSection
	GlobalSection(SolutionProperties) = preSolution
		HideSolutionNode = FALSE
	EndGlobalSection
	GlobalSection(ExtensibilityGlobals) = postSolution
		SolutionGuid = {8FC89B6E-8C11-419A-A4F0-FF64F583D9AD}
	EndGlobalSection
EndGlobal
